
Microsoft Visual Studio Solution File, Format Version 12.00
# Visual Studio Version 17
VisualStudioVersion = 17.0.31410.414
MinimumVisualStudioVersion = 10.0.40219.1
Project("{FAE04EC0-301F-11D3-BF4B-00C04F79EFBC}") = "ConsoleApp1", "ConsoleApp1\ConsoleApp1.csproj", "{CDC0272F-930D-4309-8941-5F797FE50C4C}"
EndProject
Global
	GlobalSection(SolutionConfigurationPlatforms) = preSolution
		Debug|Any CPU = Debug|Any CPU
		Release|Any CPU = Release|Any CPU
	EndGlobalSection
	GlobalSection(ProjectConfigurationPlatforms) = postSolution
		{CDC0272F-930D-4309-8941-5F797FE50C4C}.Debug|Any CPU.ActiveCfg = Debug|Any CPU
		{CDC0272F-930D-4309-8941-5F797FE50C4C}.Debug|Any CPU.Build.0 = Debug|Any CPU
		{CDC0272F-930D-4309-8941-5F797FE50C4C}.Release|Any CPU.ActiveCfg = Release|Any CPU
		{CDC0272F-930D-4309-8941-5F797FE50C4C}.Release|Any CPU.Build.0 = Release|Any CPU
	EndGlobalSection
	GlobalSection(SolutionProperties) = preSolution
		HideSolutionNode = FALSE
	EndGlobalSection
	GlobalSection(ExtensibilityGlobals) = postSolution
		SolutionGuid = {27E49366-1857-4DD3-BEF8-226132529A32}
	EndGlobalSection
EndGlobal
